
Microsoft Visual Studio Solution File, Format Version 12.00
# Visual Studio Version 17
VisualStudioVersion = 17.8.34525.116
MinimumVisualStudioVersion = 10.0.40219.1
Project("{FAE04EC0-301F-11D3-BF4B-00C04F79EFBC}") = "VueDockerPlayground.Server", "VueDockerPlayground.Server\VueDockerPlayground.Server.csproj", "{A0C2246B-B486-4833-A3E8-927E4BBEA12A}"
EndProject
Project("{54A90642-561A-4BB1-A94E-469ADEE60C69}") = "vuedockerplayground.client", "vuedockerplayground.client\vuedockerplayground.client.esproj", "{94D953AB-660A-42DF-AD25-CA9AA62C9E9D}"
EndProject
Global
	GlobalSection(SolutionConfigurationPlatforms) = preSolution
		Debug|Any CPU = Debug|Any CPU
		Release|Any CPU = Release|Any CPU
	EndGlobalSection
	GlobalSection(ProjectConfigurationPlatforms) = postSolution
		{A0C2246B-B486-4833-A3E8-927E4BBEA12A}.Debug|Any CPU.ActiveCfg = Debug|Any CPU
		{A0C2246B-B486-4833-A3E8-927E4BBEA12A}.Debug|Any CPU.Build.0 = Debug|Any CPU
		{A0C2246B-B486-4833-A3E8-927E4BBEA12A}.Release|Any CPU.ActiveCfg = Release|Any CPU
		{A0C2246B-B486-4833-A3E8-927E4BBEA12A}.Release|Any CPU.Build.0 = Release|Any CPU
		{94D953AB-660A-42DF-AD25-CA9AA62C9E9D}.Debug|Any CPU.ActiveCfg = Debug|Any CPU
		{94D953AB-660A-42DF-AD25-CA9AA62C9E9D}.Debug|Any CPU.Build.0 = Debug|Any CPU
		{94D953AB-660A-42DF-AD25-CA9AA62C9E9D}.Debug|Any CPU.Deploy.0 = Debug|Any CPU
		{94D953AB-660A-42DF-AD25-CA9AA62C9E9D}.Release|Any CPU.ActiveCfg = Release|Any CPU
		{94D953AB-660A-42DF-AD25-CA9AA62C9E9D}.Release|Any CPU.Build.0 = Release|Any CPU
		{94D953AB-660A-42DF-AD25-CA9AA62C9E9D}.Release|Any CPU.Deploy.0 = Release|Any CPU
	EndGlobalSection
	GlobalSection(SolutionProperties) = preSolution
		HideSolutionNode = FALSE
	EndGlobalSection
	GlobalSection(ExtensibilityGlobals) = postSolution
		SolutionGuid = {B48A12BA-84E4-4D48-A857-64A80957235A}
	EndGlobalSection
EndGlobal
